
Microsoft Visual Studio Solution File, Format Version 12.00
# Visual Studio Version 17
VisualStudioVersion = 17.1.32210.238
MinimumVisualStudioVersion = 10.0.40219.1
Project("{9A19103F-16F7-4668-BE54-9A1E7A4F7556}") = "Clincs.Bot", "ClincsBot\Clincs.Bot.csproj", "{8BBDADA3-5F36-4774-B2D6-54750EC1174B}"
EndProject
Project("{FAE04EC0-301F-11D3-BF4B-00C04F79EFBC}") = "Clincs.Api", "Clincs.Api\Clincs.Api.csproj", "{F08773BF-F467-4B72-98FC-D7A9F2CDED10}"
EndProject
Project("{FAE04EC0-301F-11D3-BF4B-00C04F79EFBC}") = "Clincs.Common", "Clincs.Common\Clincs.Common.csproj", "{B59245C6-F155-4D4F-A40E-46AB771B9B50}"
EndProject
Project("{FAE04EC0-301F-11D3-BF4B-00C04F79EFBC}") = "Clincs.SendNotifications", "Clincs.SendNotifications\Clincs.SendNotifications.csproj", "{0C7B5A88-1E9F-46E6-AFE2-BD550E703DD9}"
EndProject
Project("{FAE04EC0-301F-11D3-BF4B-00C04F79EFBC}") = "Clincs.GetNotificationJob", "Clincs.GetNotificationJob\Clincs.GetNotificationJob.csproj", "{A1B2043B-A95C-4862-BDA7-BD1F8E544F47}"
EndProject
Global
	GlobalSection(SolutionConfigurationPlatforms) = preSolution
		Debug|Any CPU = Debug|Any CPU
		Release|Any CPU = Release|Any CPU
	EndGlobalSection
	GlobalSection(ProjectConfigurationPlatforms) = postSolution
		{8BBDADA3-5F36-4774-B2D6-54750EC1174B}.Debug|Any CPU.ActiveCfg = Debug|Any CPU
		{8BBDADA3-5F36-4774-B2D6-54750EC1174B}.Debug|Any CPU.Build.0 = Debug|Any CPU
		{8BBDADA3-5F36-4774-B2D6-54750EC1174B}.Release|Any CPU.ActiveCfg = Release|Any CPU
		{8BBDADA3-5F36-4774-B2D6-54750EC1174B}.Release|Any CPU.Build.0 = Release|Any CPU
		{F08773BF-F467-4B72-98FC-D7A9F2CDED10}.Debug|Any CPU.ActiveCfg = Debug|Any CPU
		{F08773BF-F467-4B72-98FC-D7A9F2CDED10}.Debug|Any CPU.Build.0 = Debug|Any CPU
		{F08773BF-F467-4B72-98FC-D7A9F2CDED10}.Release|Any CPU.ActiveCfg = Release|Any CPU
		{F08773BF-F467-4B72-98FC-D7A9F2CDED10}.Release|Any CPU.Build.0 = Release|Any CPU
		{B59245C6-F155-4D4F-A40E-46AB771B9B50}.Debug|Any CPU.ActiveCfg = Debug|Any CPU
		{B59245C6-F155-4D4F-A40E-46AB771B9B50}.Debug|Any CPU.Build.0 = Debug|Any CPU
		{B59245C6-F155-4D4F-A40E-46AB771B9B50}.Release|Any CPU.ActiveCfg = Release|Any CPU
		{B59245C6-F155-4D4F-A40E-46AB771B9B50}.Release|Any CPU.Build.0 = Release|Any CPU
		{0C7B5A88-1E9F-46E6-AFE2-BD550E703DD9}.Debug|Any CPU.ActiveCfg = Debug|Any CPU
		{0C7B5A88-1E9F-46E6-AFE2-BD550E703DD9}.Debug|Any CPU.Build.0 = Debug|Any CPU
		{0C7B5A88-1E9F-46E6-AFE2-BD550E703DD9}.Release|Any CPU.ActiveCfg = Release|Any CPU
		{0C7B5A88-1E9F-46E6-AFE2-BD550E703DD9}.Release|Any CPU.Build.0 = Release|Any CPU
		{A1B2043B-A95C-4862-BDA7-BD1F8E544F47}.Debug|Any CPU.ActiveCfg = Debug|Any CPU
		{A1B2043B-A95C-4862-BDA7-BD1F8E544F47}.Debug|Any CPU.Build.0 = Debug|Any CPU
		{A1B2043B-A95C-4862-BDA7-BD1F8E544F47}.Release|Any CPU.ActiveCfg = Release|Any CPU
		{A1B2043B-A95C-4862-BDA7-BD1F8E544F47}.Release|Any CPU.Build.0 = Release|Any CPU
	EndGlobalSection
	GlobalSection(SolutionProperties) = preSolution
		HideSolutionNode = FALSE
	EndGlobalSection
	GlobalSection(ExtensibilityGlobals) = postSolution
		SolutionGuid = {CDA3AAE8-8967-4474-92B9-0E0F1C466E15}
	EndGlobalSection
EndGlobal
